
Microsoft Visual Studio Solution File, Format Version 12.00
# Visual Studio 15
VisualStudioVersion = 15.0.28010.2026
MinimumVisualStudioVersion = 10.0.40219.1
Project("{FAE04EC0-301F-11D3-BF4B-00C04F79EFBC}") = "Goudkoorts", "Goudkoorts\Goudkoorts.csproj", "{01EF0B1E-EA19-4081-89BB-72E8EDDED94C}"
EndProject
Global
	GlobalSection(SolutionConfigurationPlatforms) = preSolution
		Debug|Any CPU = Debug|Any CPU
		Release|Any CPU = Release|Any CPU
	EndGlobalSection
	GlobalSection(ProjectConfigurationPlatforms) = postSolution
		{01EF0B1E-EA19-4081-89BB-72E8EDDED94C}.Debug|Any CPU.ActiveCfg = Debug|Any CPU
		{01EF0B1E-EA19-4081-89BB-72E8EDDED94C}.Debug|Any CPU.Build.0 = Debug|Any CPU
		{01EF0B1E-EA19-4081-89BB-72E8EDDED94C}.Release|Any CPU.ActiveCfg = Release|Any CPU
		{01EF0B1E-EA19-4081-89BB-72E8EDDED94C}.Release|Any CPU.Build.0 = Release|Any CPU
	EndGlobalSection
	GlobalSection(SolutionProperties) = preSolution
		HideSolutionNode = FALSE
	EndGlobalSection
	GlobalSection(ExtensibilityGlobals) = postSolution
		SolutionGuid = {787D5A4E-CFD1-4A28-A4E4-785260A3A424}
	EndGlobalSection
EndGlobal
